
Microsoft Visual Studio Solution File, Format Version 12.00
# Visual Studio Version 17
VisualStudioVersion = 17.1.32210.238
MinimumVisualStudioVersion = 10.0.40219.1
Project("{FAE04EC0-301F-11D3-BF4B-00C04F79EFBC}") = "Presentacion", "Presentacion\Presentacion.csproj", "{839D2DF3-27A9-494E-AAC4-36AD069C74AD}"
EndProject
Project("{FAE04EC0-301F-11D3-BF4B-00C04F79EFBC}") = "Domain", "Domain\Domain.csproj", "{9FAA7CB6-65F8-4E09-94E0-51652F7479F6}"
EndProject
Project("{FAE04EC0-301F-11D3-BF4B-00C04F79EFBC}") = "DataAccess", "DataAccess\DataAccess.csproj", "{2FC7358F-F258-4090-8AF5-30CED57C58AD}"
EndProject
Global
	GlobalSection(SolutionConfigurationPlatforms) = preSolution
		Debug|Any CPU = Debug|Any CPU
		Release|Any CPU = Release|Any CPU
	EndGlobalSection
	GlobalSection(ProjectConfigurationPlatforms) = postSolution
		{839D2DF3-27A9-494E-AAC4-36AD069C74AD}.Debug|Any CPU.ActiveCfg = Debug|Any CPU
		{839D2DF3-27A9-494E-AAC4-36AD069C74AD}.Debug|Any CPU.Build.0 = Debug|Any CPU
		{839D2DF3-27A9-494E-AAC4-36AD069C74AD}.Release|Any CPU.ActiveCfg = Release|Any CPU
		{839D2DF3-27A9-494E-AAC4-36AD069C74AD}.Release|Any CPU.Build.0 = Release|Any CPU
		{9FAA7CB6-65F8-4E09-94E0-51652F7479F6}.Debug|Any CPU.ActiveCfg = Debug|Any CPU
		{9FAA7CB6-65F8-4E09-94E0-51652F7479F6}.Debug|Any CPU.Build.0 = Debug|Any CPU
		{9FAA7CB6-65F8-4E09-94E0-51652F7479F6}.Release|Any CPU.ActiveCfg = Release|Any CPU
		{9FAA7CB6-65F8-4E09-94E0-51652F7479F6}.Release|Any CPU.Build.0 = Release|Any CPU
		{2FC7358F-F258-4090-8AF5-30CED57C58AD}.Debug|Any CPU.ActiveCfg = Debug|Any CPU
		{2FC7358F-F258-4090-8AF5-30CED57C58AD}.Debug|Any CPU.Build.0 = Debug|Any CPU
		{2FC7358F-F258-4090-8AF5-30CED57C58AD}.Release|Any CPU.ActiveCfg = Release|Any CPU
		{2FC7358F-F258-4090-8AF5-30CED57C58AD}.Release|Any CPU.Build.0 = Release|Any CPU
	EndGlobalSection
	GlobalSection(SolutionProperties) = preSolution
		HideSolutionNode = FALSE
	EndGlobalSection
	GlobalSection(ExtensibilityGlobals) = postSolution
		SolutionGuid = {75F57199-3840-4981-9B1E-36C2651C008C}
	EndGlobalSection
EndGlobal
